
Microsoft Visual Studio Solution File, Format Version 12.00
# Visual Studio 2015
Project("{FAE04EC0-301F-11D3-BF4B-00C04F79EFBC}") = "Valuta Project.CSharp.Plugins", "Valuta Project.CSharp.Plugins.csproj", "{44A3F220-6178-6866-0481-3E219752196C}"
EndProject
Project("{FAE04EC0-301F-11D3-BF4B-00C04F79EFBC}") = "Valuta Project.CSharp", "Valuta Project.CSharp.csproj", "{0973DB40-5373-D60B-6C2A-F60BE3FAAC36}"
EndProject
Global
	GlobalSection(SolutionConfigurationPlatforms) = preSolution
		Debug|Any CPU = Debug|Any CPU
		Release|Any CPU = Release|Any CPU
	EndGlobalSection
	GlobalSection(ProjectConfigurationPlatforms) = postSolution
		{44A3F220-6178-6866-0481-3E219752196C}.Debug|Any CPU.ActiveCfg = Debug|Any CPU
		{44A3F220-6178-6866-0481-3E219752196C}.Debug|Any CPU.Build.0 = Debug|Any CPU
		{44A3F220-6178-6866-0481-3E219752196C}.Release|Any CPU.ActiveCfg = Release|Any CPU
		{44A3F220-6178-6866-0481-3E219752196C}.Release|Any CPU.Build.0 = Release|Any CPU
		{0973DB40-5373-D60B-6C2A-F60BE3FAAC36}.Debug|Any CPU.ActiveCfg = Debug|Any CPU
		{0973DB40-5373-D60B-6C2A-F60BE3FAAC36}.Debug|Any CPU.Build.0 = Debug|Any CPU
		{0973DB40-5373-D60B-6C2A-F60BE3FAAC36}.Release|Any CPU.ActiveCfg = Release|Any CPU
		{0973DB40-5373-D60B-6C2A-F60BE3FAAC36}.Release|Any CPU.Build.0 = Release|Any CPU
	EndGlobalSection
	GlobalSection(SolutionProperties) = preSolution
		HideSolutionNode = FALSE
	EndGlobalSection
EndGlobal
